{
  "version": 4,
  "terraform_version": "1.4.6",
  "serial": 8,
  "lineage": "a9399b09-2c08-b13f-f5b3-7e27abd2b016",
  "outputs": {
    "access_key": {
      "value": "YCAJE_w7gGF7x8PPOWhvsK9nH",
      "type": "string"
    },
    "secret_key": {
      "value": "YCM_tARp2pPWOZ5T0hjBvmdk_JGv5ohwaghDw3oo",
      "type": "string",
      "sensitive": true
    }
  },
  "resources": [
    {
      "mode": "managed",
      "type": "yandex_iam_service_account",
      "name": "sa",
      "provider": "provider[\"registry.terraform.io/yandex-cloud/yandex\"]",
      "instances": [
        {
          "schema_version": 0,
          "attributes": {
            "created_at": "2023-05-25T16:04:24Z",
            "description": "",
            "folder_id": "b1gbpfhk2frqd3fdjnui",
            "id": "ajellgv3ap0cbmfke1rh",
            "name": "sa-skillfactory",
            "timeouts": null
          },
          "sensitive_attributes": [],
          "private": "eyJlMmJmYjczMC1lY2FhLTExZTYtOGY4OC0zNDM2M2JjN2M0YzAiOnsiY3JlYXRlIjo2MDAwMDAwMDAwMCwiZGVsZXRlIjo2MDAwMDAwMDAwMCwidXBkYXRlIjo2MDAwMDAwMDAwMH19"
        }
      ]
    },
    {
      "mode": "managed",
      "type": "yandex_iam_service_account_static_access_key",
      "name": "sa-static-key",
      "provider": "provider[\"registry.terraform.io/yandex-cloud/yandex\"]",
      "instances": [
        {
          "schema_version": 0,
          "attributes": {
            "access_key": "YCAJE_w7gGF7x8PPOWhvsK9nH",
            "created_at": "2023-05-25T16:04:25Z",
            "description": "static access key for object storage",
            "encrypted_secret_key": null,
            "id": "aje5dflaoh7lml4vghjs",
            "key_fingerprint": null,
            "pgp_key": null,
            "secret_key": "YCM_tARp2pPWOZ5T0hjBvmdk_JGv5ohwaghDw3oo",
            "service_account_id": "ajellgv3ap0cbmfke1rh"
          },
          "sensitive_attributes": [],
          "private": "bnVsbA==",
          "dependencies": [
            "yandex_iam_service_account.sa"
          ]
        }
      ]
    },
    {
      "mode": "managed",
      "type": "yandex_resourcemanager_folder_iam_member",
      "name": "sa-editor",
      "provider": "provider[\"registry.terraform.io/yandex-cloud/yandex\"]",
      "instances": [
        {
          "schema_version": 0,
          "attributes": {
            "folder_id": "b1gbpfhk2frqd3fdjnui",
            "id": "b1gbpfhk2frqd3fdjnui/storage.editor/serviceAccount:ajellgv3ap0cbmfke1rh",
            "member": "serviceAccount:ajellgv3ap0cbmfke1rh",
            "role": "storage.editor",
            "sleep_after": null
          },
          "sensitive_attributes": [],
          "private": "bnVsbA==",
          "dependencies": [
            "yandex_iam_service_account.sa"
          ]
        }
      ]
    },
    {
      "mode": "managed",
      "type": "yandex_storage_bucket",
      "name": "state",
      "provider": "provider[\"registry.terraform.io/yandex-cloud/yandex\"]",
      "instances": [
        {
          "schema_version": 0,
          "attributes": {
            "access_key": "YCAJE_w7gGF7x8PPOWhvsK9nH",
            "acl": "private",
            "bucket": "tf-state-bucket-spd",
            "bucket_domain_name": "tf-state-bucket-spd.storage.yandexcloud.net",
            "bucket_prefix": null,
            "cors_rule": [],
            "force_destroy": false,
            "grant": [],
            "id": "tf-state-bucket-spd",
            "lifecycle_rule": [],
            "logging": [],
            "policy": null,
            "secret_key": "YCM_tARp2pPWOZ5T0hjBvmdk_JGv5ohwaghDw3oo",
            "server_side_encryption_configuration": [],
            "versioning": [
              {
                "enabled": false
              }
            ],
            "website": [],
            "website_domain": null,
            "website_endpoint": null
          },
          "sensitive_attributes": [
            [
              {
                "type": "get_attr",
                "value": "secret_key"
              }
            ]
          ],
          "private": "bnVsbA==",
          "dependencies": [
            "yandex_iam_service_account_static_access_key.sa-static-key"
          ]
        }
      ]
    }
  ],
  "check_results": null
}
